
Microsoft Visual Studio Solution File, Format Version 12.00
# Visual Studio Version 17
VisualStudioVersion = 17.5.33516.290
MinimumVisualStudioVersion = 10.0.40219.1
Project("{FAE04EC0-301F-11D3-BF4B-00C04F79EFBC}") = "ValorantControl", "Recoil\BeeRecoil.csproj", "{A014621F-B99E-49BE-8CB4-3DE92431B4E5}"
EndProject
Global
	GlobalSection(SolutionConfigurationPlatforms) = preSolution
		Debug|Any CPU = Debug|Any CPU
		Release|Any CPU = Release|Any CPU
	EndGlobalSection
	GlobalSection(ProjectConfigurationPlatforms) = postSolution
		{A014621F-B99E-49BE-8CB4-3DE92431B4E5}.Debug|Any CPU.ActiveCfg = Debug|Any CPU
		{A014621F-B99E-49BE-8CB4-3DE92431B4E5}.Debug|Any CPU.Build.0 = Debug|Any CPU
		{A014621F-B99E-49BE-8CB4-3DE92431B4E5}.Release|Any CPU.ActiveCfg = Release|Any CPU
		{A014621F-B99E-49BE-8CB4-3DE92431B4E5}.Release|Any CPU.Build.0 = Release|Any CPU
	EndGlobalSection
	GlobalSection(SolutionProperties) = preSolution
		HideSolutionNode = FALSE
	EndGlobalSection
	GlobalSection(ExtensibilityGlobals) = postSolution
		SolutionGuid = {ECB57202-09A5-4847-A3AB-D69B32913C39}
	EndGlobalSection
EndGlobal
